
Microsoft Visual Studio Solution File, Format Version 12.00
# Visual Studio Version 16
VisualStudioVersion = 16.0.31515.178
MinimumVisualStudioVersion = 10.0.40219.1
Project("{9A19103F-16F7-4668-BE54-9A1E7A4F7556}") = "RabbitMQWeb.ExcelCreate", "RabbitMQWeb.ExcelCreate\RabbitMQWeb.ExcelCreate.csproj", "{076BCBEA-5F3E-41DA-9A3D-2FB6758C0ACA}"
EndProject
Project("{FAE04EC0-301F-11D3-BF4B-00C04F79EFBC}") = "FileCreateWorkerService", "FileCreateWorkerService\FileCreateWorkerService.csproj", "{E88A8020-3BF7-4133-9B86-D36FB6B45E80}"
EndProject
Project("{FAE04EC0-301F-11D3-BF4B-00C04F79EFBC}") = "Shared", "Shared\Shared.csproj", "{226D502C-5B33-4BE9-9913-86A964517CF5}"
EndProject
Global
	GlobalSection(SolutionConfigurationPlatforms) = preSolution
		Debug|Any CPU = Debug|Any CPU
		Release|Any CPU = Release|Any CPU
	EndGlobalSection
	GlobalSection(ProjectConfigurationPlatforms) = postSolution
		{076BCBEA-5F3E-41DA-9A3D-2FB6758C0ACA}.Debug|Any CPU.ActiveCfg = Debug|Any CPU
		{076BCBEA-5F3E-41DA-9A3D-2FB6758C0ACA}.Debug|Any CPU.Build.0 = Debug|Any CPU
		{076BCBEA-5F3E-41DA-9A3D-2FB6758C0ACA}.Release|Any CPU.ActiveCfg = Release|Any CPU
		{076BCBEA-5F3E-41DA-9A3D-2FB6758C0ACA}.Release|Any CPU.Build.0 = Release|Any CPU
		{E88A8020-3BF7-4133-9B86-D36FB6B45E80}.Debug|Any CPU.ActiveCfg = Debug|Any CPU
		{E88A8020-3BF7-4133-9B86-D36FB6B45E80}.Debug|Any CPU.Build.0 = Debug|Any CPU
		{E88A8020-3BF7-4133-9B86-D36FB6B45E80}.Release|Any CPU.ActiveCfg = Release|Any CPU
		{E88A8020-3BF7-4133-9B86-D36FB6B45E80}.Release|Any CPU.Build.0 = Release|Any CPU
		{226D502C-5B33-4BE9-9913-86A964517CF5}.Debug|Any CPU.ActiveCfg = Debug|Any CPU
		{226D502C-5B33-4BE9-9913-86A964517CF5}.Debug|Any CPU.Build.0 = Debug|Any CPU
		{226D502C-5B33-4BE9-9913-86A964517CF5}.Release|Any CPU.ActiveCfg = Release|Any CPU
		{226D502C-5B33-4BE9-9913-86A964517CF5}.Release|Any CPU.Build.0 = Release|Any CPU
	EndGlobalSection
	GlobalSection(SolutionProperties) = preSolution
		HideSolutionNode = FALSE
	EndGlobalSection
	GlobalSection(ExtensibilityGlobals) = postSolution
		SolutionGuid = {33214717-65FC-4494-B267-A2D6580CABE1}
	EndGlobalSection
EndGlobal
